
Microsoft Visual Studio Solution File, Format Version 12.00
# Visual Studio Version 17
VisualStudioVersion = 17.7.34202.233
MinimumVisualStudioVersion = 10.0.40219.1
Project("{9A19103F-16F7-4668-BE54-9A1E7A4F7556}") = "Лаб6", "Лаб6\Лаб6.csproj", "{367C4BF1-6813-49DB-B355-81F6B1C3FEB6}"
EndProject
Project("{9A19103F-16F7-4668-BE54-9A1E7A4F7556}") = "Лаб7", "Лаб7\Лаб7.csproj", "{EBF3588D-D432-4535-9769-CC69061AED66}"
EndProject
Project("{9A19103F-16F7-4668-BE54-9A1E7A4F7556}") = "Лаб8", "Лаб8\Лаб8.csproj", "{DD3CF423-4F63-4EAE-B46C-6971BE6692B6}"
EndProject
Project("{9A19103F-16F7-4668-BE54-9A1E7A4F7556}") = "Лаб9", "Лаб9\Лаб9.csproj", "{D2842B52-8B5A-47AD-87B9-92B34519CF37}"
EndProject
Project("{9A19103F-16F7-4668-BE54-9A1E7A4F7556}") = "Лаб10", "Лаб10\Лаб10.csproj", "{2D6CC48B-E2C4-4B7D-8BDE-A396BA2FB648}"
EndProject
Project("{9A19103F-16F7-4668-BE54-9A1E7A4F7556}") = "Лаб11", "Лаб11\Лаб11.csproj", "{CE5B3831-6288-465D-8E83-0FE4D2DBA863}"
EndProject
Project("{9A19103F-16F7-4668-BE54-9A1E7A4F7556}") = "Лаб12", "Лаб12\Лаб12.csproj", "{52EF3DEF-609A-4274-8425-CED7A7036A44}"
EndProject
Project("{9A19103F-16F7-4668-BE54-9A1E7A4F7556}") = "Лаб20", "Лаб20\Лаб20.csproj", "{00E4B609-84E3-441A-A388-1ECEABD517E7}"
EndProject
Project("{9A19103F-16F7-4668-BE54-9A1E7A4F7556}") = "Лаб19", "Лаб19\Лаб19.csproj", "{ABBE53FF-71CB-4C81-9E9D-0C421CDA6BE5}"
EndProject
Project("{FAE04EC0-301F-11D3-BF4B-00C04F79EFBC}") = "Лаб13", "Лаб13\Лаб13.csproj", "{6CF8CDF8-1A5C-4253-B28B-74EA7BED5B2D}"
EndProject
Global
	GlobalSection(SolutionConfigurationPlatforms) = preSolution
		Debug|Any CPU = Debug|Any CPU
		Release|Any CPU = Release|Any CPU
	EndGlobalSection
	GlobalSection(ProjectConfigurationPlatforms) = postSolution
		{367C4BF1-6813-49DB-B355-81F6B1C3FEB6}.Debug|Any CPU.ActiveCfg = Debug|Any CPU
		{367C4BF1-6813-49DB-B355-81F6B1C3FEB6}.Debug|Any CPU.Build.0 = Debug|Any CPU
		{367C4BF1-6813-49DB-B355-81F6B1C3FEB6}.Release|Any CPU.ActiveCfg = Release|Any CPU
		{367C4BF1-6813-49DB-B355-81F6B1C3FEB6}.Release|Any CPU.Build.0 = Release|Any CPU
		{EBF3588D-D432-4535-9769-CC69061AED66}.Debug|Any CPU.ActiveCfg = Debug|Any CPU
		{EBF3588D-D432-4535-9769-CC69061AED66}.Debug|Any CPU.Build.0 = Debug|Any CPU
		{EBF3588D-D432-4535-9769-CC69061AED66}.Release|Any CPU.ActiveCfg = Release|Any CPU
		{EBF3588D-D432-4535-9769-CC69061AED66}.Release|Any CPU.Build.0 = Release|Any CPU
		{DD3CF423-4F63-4EAE-B46C-6971BE6692B6}.Debug|Any CPU.ActiveCfg = Debug|Any CPU
		{DD3CF423-4F63-4EAE-B46C-6971BE6692B6}.Debug|Any CPU.Build.0 = Debug|Any CPU
		{DD3CF423-4F63-4EAE-B46C-6971BE6692B6}.Release|Any CPU.ActiveCfg = Release|Any CPU
		{DD3CF423-4F63-4EAE-B46C-6971BE6692B6}.Release|Any CPU.Build.0 = Release|Any CPU
		{D2842B52-8B5A-47AD-87B9-92B34519CF37}.Debug|Any CPU.ActiveCfg = Debug|Any CPU
		{D2842B52-8B5A-47AD-87B9-92B34519CF37}.Debug|Any CPU.Build.0 = Debug|Any CPU
		{D2842B52-8B5A-47AD-87B9-92B34519CF37}.Release|Any CPU.ActiveCfg = Release|Any CPU
		{D2842B52-8B5A-47AD-87B9-92B34519CF37}.Release|Any CPU.Build.0 = Release|Any CPU
		{2D6CC48B-E2C4-4B7D-8BDE-A396BA2FB648}.Debug|Any CPU.ActiveCfg = Debug|Any CPU
		{2D6CC48B-E2C4-4B7D-8BDE-A396BA2FB648}.Debug|Any CPU.Build.0 = Debug|Any CPU
		{2D6CC48B-E2C4-4B7D-8BDE-A396BA2FB648}.Release|Any CPU.ActiveCfg = Release|Any CPU
		{2D6CC48B-E2C4-4B7D-8BDE-A396BA2FB648}.Release|Any CPU.Build.0 = Release|Any CPU
		{CE5B3831-6288-465D-8E83-0FE4D2DBA863}.Debug|Any CPU.ActiveCfg = Debug|Any CPU
		{CE5B3831-6288-465D-8E83-0FE4D2DBA863}.Debug|Any CPU.Build.0 = Debug|Any CPU
		{CE5B3831-6288-465D-8E83-0FE4D2DBA863}.Release|Any CPU.ActiveCfg = Release|Any CPU
		{CE5B3831-6288-465D-8E83-0FE4D2DBA863}.Release|Any CPU.Build.0 = Release|Any CPU
		{52EF3DEF-609A-4274-8425-CED7A7036A44}.Debug|Any CPU.ActiveCfg = Debug|Any CPU
		{52EF3DEF-609A-4274-8425-CED7A7036A44}.Debug|Any CPU.Build.0 = Debug|Any CPU
		{52EF3DEF-609A-4274-8425-CED7A7036A44}.Release|Any CPU.ActiveCfg = Release|Any CPU
		{52EF3DEF-609A-4274-8425-CED7A7036A44}.Release|Any CPU.Build.0 = Release|Any CPU
		{00E4B609-84E3-441A-A388-1ECEABD517E7}.Debug|Any CPU.ActiveCfg = Debug|Any CPU
		{00E4B609-84E3-441A-A388-1ECEABD517E7}.Debug|Any CPU.Build.0 = Debug|Any CPU
		{00E4B609-84E3-441A-A388-1ECEABD517E7}.Release|Any CPU.ActiveCfg = Release|Any CPU
		{00E4B609-84E3-441A-A388-1ECEABD517E7}.Release|Any CPU.Build.0 = Release|Any CPU
		{ABBE53FF-71CB-4C81-9E9D-0C421CDA6BE5}.Debug|Any CPU.ActiveCfg = Debug|Any CPU
		{ABBE53FF-71CB-4C81-9E9D-0C421CDA6BE5}.Debug|Any CPU.Build.0 = Debug|Any CPU
		{ABBE53FF-71CB-4C81-9E9D-0C421CDA6BE5}.Release|Any CPU.ActiveCfg = Release|Any CPU
		{ABBE53FF-71CB-4C81-9E9D-0C421CDA6BE5}.Release|Any CPU.Build.0 = Release|Any CPU
		{6CF8CDF8-1A5C-4253-B28B-74EA7BED5B2D}.Debug|Any CPU.ActiveCfg = Debug|Any CPU
		{6CF8CDF8-1A5C-4253-B28B-74EA7BED5B2D}.Debug|Any CPU.Build.0 = Debug|Any CPU
		{6CF8CDF8-1A5C-4253-B28B-74EA7BED5B2D}.Release|Any CPU.ActiveCfg = Release|Any CPU
		{6CF8CDF8-1A5C-4253-B28B-74EA7BED5B2D}.Release|Any CPU.Build.0 = Release|Any CPU
	EndGlobalSection
	GlobalSection(SolutionProperties) = preSolution
		HideSolutionNode = FALSE
	EndGlobalSection
	GlobalSection(ExtensibilityGlobals) = postSolution
		SolutionGuid = {9028D458-2259-4745-A92E-D70A7F14FBB5}
	EndGlobalSection
EndGlobal
